// !$*UTF8*$!
{
	archiveVersion = 1;
	classes = {
	};
	objectVersion = 46;
	objects = {

/* Begin PBXBuildFile section */
		D0BC90391E72EADF0007D0FB /* AppDelegate.swift in Sources */ = {isa = PBXBuildFile; fileRef = D0BC90381E72EADF0007D0FB /* AppDelegate.swift */; };
		D0BC903B1E72EAE00007D0FB /* ViewController.swift in Sources */ = {isa = PBXBuildFile; fileRef = D0BC903A1E72EAE00007D0FB /* ViewController.swift */; };
		D0BC903E1E72EAE00007D0FB /* Main.storyboard in Resources */ = {isa = PBXBuildFile; fileRef = D0BC903C1E72EAE00007D0FB /* Main.storyboard */; };
		D0BC90401E72EAE00007D0FB /* Assets.xcassets in Resources */ = {isa = PBXBuildFile; fileRef = D0BC903F1E72EAE00007D0FB /* Assets.xcassets */; };
		D0BC90431E72EAE00007D0FB /* LaunchScreen.storyboard in Resources */ = {isa = PBXBuildFile; fileRef = D0BC90411E72EAE00007D0FB /* LaunchScreen.storyboard */; };
		D0BC904F1E72F19C0007D0FB /* GreenVC.swift in Sources */ = {isa = PBXBuildFile; fileRef = D0BC904E1E72F19C0007D0FB /* GreenVC.swift */; };
		D0BC90511E72FC2E0007D0FB /* BlueVC.swift in Sources */ = {isa = PBXBuildFile; fileRef = D0BC90501E72FC2E0007D0FB /* BlueVC.swift */; };
/* End PBXBuildFile section */

/* Begin PBXFileReference section */
		D0BC90351E72EADF0007D0FB /* myNavController.app */ = {isa = PBXFileReference; explicitFileType = wrapper.application; includeInIndex = 0; path = myNavController.app; sourceTree = BUILT_PRODUCTS_DIR; };
		D0BC90381E72EADF0007D0FB /* AppDelegate.swift */ = {isa = PBXFileReference; lastKnownFileType = sourcecode.swift; path = AppDelegate.swift; sourceTree = "<group>"; };
		D0BC903A1E72EAE00007D0FB /* ViewController.swift */ = {isa = PBXFileReference; lastKnownFileType = sourcecode.swift; path = ViewController.swift; sourceTree = "<group>"; };
		D0BC903D1E72EAE00007D0FB /* Base */ = {isa = PBXFileReference; lastKnownFileType = file.storyboard; name = Base; path = Base.lproj/Main.storyboard; sourceTree = "<group>"; };
		D0BC903F1E72EAE00007D0FB /* Assets.xcassets */ = {isa = PBXFileReference; lastKnownFileType = folder.assetcatalog; path = Assets.xcassets; sourceTree = "<group>"; };
		D0BC90421E72EAE00007D0FB /* Base */ = {isa = PBXFileReference; lastKnownFileType = file.storyboard; name = Base; path = Base.lproj/LaunchScreen.storyboard; sourceTree = "<group>"; };
		D0BC90441E72EAE00007D0FB /* Info.plist */ = {isa = PBXFileReference; lastKnownFileType = text.plist.xml; path = Info.plist; sourceTree = "<group>"; };
		D0BC904E1E72F19C0007D0FB /* GreenVC.swift */ = {isa = PBXFileReference; fileEncoding = 4; lastKnownFileType = sourcecode.swift; path = GreenVC.swift; sourceTree = "<group>"; };
		D0BC90501E72FC2E0007D0FB /* BlueVC.swift */ = {isa = PBXFileReference; fileEncoding = 4; lastKnownFileType = sourcecode.swift; path = BlueVC.swift; sourceTree = "<group>"; };
/* End PBXFileReference section */

/* Begin PBXFrameworksBuildPhase section */
		D0BC90321E72EADF0007D0FB /* Frameworks */ = {
			isa = PBXFrameworksBuildPhase;
			buildActionMask = 2147483647;
			files = (
			);
			runOnlyForDeploymentPostprocessing = 0;
		};
/* End PBXFrameworksBuildPhase section */

/* Begin PBXGroup section */
		D0BC902C1E72EADF0007D0FB = {
			isa = PBXGroup;
			children = (
				D0BC90371E72EADF0007D0FB /* myNavController */,
				D0BC90361E72EADF0007D0FB /* Products */,
			);
			sourceTree = "<group>";
		};
		D0BC90361E72EADF0007D0FB /* Products */ = {
			isa = PBXGroup;
			children = (
				D0BC90351E72EADF0007D0FB /* myNavController.app */,
			);
			name = Products;
			sourceTree = "<group>";
		};
		D0BC90371E72EADF0007D0FB /* myNavController */ = {
			isa = PBXGroup;
			children = (
				D0BC90381E72EADF0007D0FB /* AppDelegate.swift */,
				D0BC903A1E72EAE00007D0FB /* ViewController.swift */,
				D0BC903C1E72EAE00007D0FB /* Main.storyboard */,
				D0BC903F1E72EAE00007D0FB /* Assets.xcassets */,
				D0BC90411E72EAE00007D0FB /* LaunchScreen.storyboard */,
				D0BC90441E72EAE00007D0FB /* Info.plist */,
				D0BC904E1E72F19C0007D0FB /* GreenVC.swift */,
				D0BC90501E72FC2E0007D0FB /* BlueVC.swift */,
			);
			path = myNavController;
			sourceTree = "<group>";
		};
/* End PBXGroup section */

/* Begin PBXNativeTarget section */
		D0BC90341E72EADF0007D0FB /* myNavController */ = {
			isa = PBXNativeTarget;
			buildConfigurationList = D0BC90471E72EAE00007D0FB /* Build configuration list for PBXNativeTarget "myNavController" */;
			buildPhases = (
				D0BC90311E72EADF0007D0FB /* Sources */,
				D0BC90321E72EADF0007D0FB /* Frameworks */,
				D0BC90331E72EADF0007D0FB /* Resources */,
			);
			buildRules = (
			);
			dependencies = (
			);
			name = myNavController;
			productName = myNavController;
			productReference = D0BC90351E72EADF0007D0FB /* myNavController.app */;
			productType = "com.apple.product-type.application";
		};
/* End PBXNativeTarget section */

/* Begin PBXProject section */
		D0BC902D1E72EADF0007D0FB /* Project object */ = {
			isa = PBXProject;
			attributes = {
				LastSwiftUpdateCheck = 0730;
				LastUpgradeCheck = 0730;
				ORGANIZATIONNAME = "Peter Zaporowski";
				TargetAttributes = {
					D0BC90341E72EADF0007D0FB = {
						CreatedOnToolsVersion = 7.3.1;
					};
				};
			};
			buildConfigurationList = D0BC90301E72EADF0007D0FB /* Build configuration list for PBXProject "myNavController" */;
			compatibilityVersion = "Xcode 3.2";
			developmentRegion = English;
			hasScannedForEncodings = 0;
			knownRegions = (
				en,
				Base,
			);
			mainGroup = D0BC902C1E72EADF0007D0FB;
			productRefGroup = D0BC90361E72EADF0007D0FB /* Products */;
			projectDirPath = "";
			projectRoot = "";
			targets = (
				D0BC90341E72EADF0007D0FB /* myNavController */,
			);
		};
/* End PBXProject section */

/* Begin PBXResourcesBuildPhase section */
		D0BC90331E72EADF0007D0FB /* Resources */ = {
			isa = PBXResourcesBuildPhase;
			buildActionMask = 2147483647;
			files = (
				D0BC90431E72EAE00007D0FB /* LaunchScreen.storyboard in Resources */,
				D0BC90401E72EAE00007D0FB /* Assets.xcassets in Resources */,
				D0BC903E1E72EAE00007D0FB /* Main.storyboard in Resources */,
			);
			runOnlyForDeploymentPostprocessing = 0;
		};
/* End PBXResourcesBuildPhase section */

/* Begin PBXSourcesBuildPhase section */
		D0BC90311E72EADF0007D0FB /* Sources */ = {
			isa = PBXSourcesBuildPhase;
			buildActionMask = 2147483647;
			files = (
				D0BC90511E72FC2E0007D0FB /* BlueVC.swift in Sources */,
				D0BC904F1E72F19C0007D0FB /* GreenVC.swift in Sources */,
				D0BC903B1E72EAE00007D0FB /* ViewController.swift in Sources */,
				D0BC90391E72EADF0007D0FB /* AppDelegate.swift in Sources */,
			);
			runOnlyForDeploymentPostprocessing = 0;
		};
/* End PBXSourcesBuildPhase section */

/* Begin PBXVariantGroup section */
		D0BC903C1E72EAE00007D0FB /* Main.storyboard */ = {
			isa = PBXVariantGroup;
			children = (
				D0BC903D1E72EAE00007D0FB /* Base */,
			);
			name = Main.storyboard;
			sourceTree = "<group>";
		};
		D0BC90411E72EAE00007D0FB /* LaunchScreen.storyboard */ = {
			isa = PBXVariantGroup;
			children = (
				D0BC90421E72EAE00007D0FB /* Base */,
			);
			name = LaunchScreen.storyboard;
			sourceTree = "<group>";
		};
/* End PBXVariantGroup section */

/* Begin XCBuildConfiguration section */
		D0BC90451E72EAE00007D0FB /* Debug */ = {
			isa = XCBuildConfiguration;
			buildSettings = {
				ALWAYS_SEARCH_USER_PATHS = NO;
				CLANG_ANALYZER_NONNULL = YES;
				CLANG_CXX_LANGUAGE_STANDARD = "gnu++0x";
				CLANG_CXX_LIBRARY = "libc++";
				CLANG_ENABLE_MODULES = YES;
				CLANG_ENABLE_OBJC_ARC = YES;
				CLANG_WARN_BOOL_CONVERSION = YES;
				CLANG_WARN_CONSTANT_CONVERSION = YES;
				CLANG_WARN_DIRECT_OBJC_ISA_USAGE = YES_ERROR;
				CLANG_WARN_EMPTY_BODY = YES;
				CLANG_WARN_ENUM_CONVERSION = YES;
				CLANG_WARN_INT_CONVERSION = YES;
				CLANG_WARN_OBJC_ROOT_CLASS = YES_ERROR;
				CLANG_WARN_UNREACHABLE_CODE = YES;
				CLANG_WARN__DUPLICATE_METHOD_MATCH = YES;
				"CODE_SIGN_IDENTITY[sdk=iphoneos*]" = "iPhone Developer";
				COPY_PHASE_STRIP = NO;
				DEBUG_INFORMATION_FORMAT = dwarf;
				ENABLE_STRICT_OBJC_MSGSEND = YES;
				ENABLE_TESTABILITY = YES;
				GCC_C_LANGUAGE_STANDARD = gnu99;
				GCC_DYNAMIC_NO_PIC = NO;
				GCC_NO_COMMON_BLOCKS = YES;
				GCC_OPTIMIZATION_LEVEL = 0;
				GCC_PREPROCESSOR_DEFINITIONS = (
					"DEBUG=1",
					"$(inherited)",
				);
				GCC_WARN_64_TO_32_BIT_CONVERSION = YES;
				GCC_WARN_ABOUT_RETURN_TYPE = YES_ERROR;
				GCC_WARN_UNDECLARED_SELECTOR = YES;
				GCC_WARN_UNINITIALIZED_AUTOS = YES_AGGRESSIVE;
				GCC_WARN_UNUSED_FUNCTION = YES;
				GCC_WARN_UNUSED_VARIABLE = YES;
				IPHONEOS_DEPLOYMENT_TARGET = 9.3;
				MTL_ENABLE_DEBUG_INFO = YES;
				ONLY_ACTIVE_ARCH = YES;
				SDKROOT = iphoneos;
				SWIFT_OPTIMIZATION_LEVEL = "-Onone";
				TARGETED_DEVICE_FAMILY = "1,2";
			};
			name = Debug;
		};
		D0BC90461E72EAE00007D0FB /* Release */ = {
			isa = XCBuildConfiguration;
			buildSettings = {
				ALWAYS_SEARCH_USER_PATHS = NO;
				CLANG_ANALYZER_NONNULL = YES;
				CLANG_CXX_LANGUAGE_STANDARD = "gnu++0x";
				CLANG_CXX_LIBRARY = "libc++";
				CLANG_ENABLE_MODULES = YES;
				CLANG_ENABLE_OBJC_ARC = YES;
				CLANG_WARN_BOOL_CONVERSION = YES;
				CLANG_WARN_CONSTANT_CONVERSION = YES;
				CLANG_WARN_DIRECT_OBJC_ISA_USAGE = YES_ERROR;
				CLANG_WARN_EMPTY_BODY = YES;
				CLANG_WARN_ENUM_CONVERSION = YES;
				CLANG_WARN_INT_CONVERSION = YES;
				CLANG_WARN_OBJC_ROOT_CLASS = YES_ERROR;
				CLANG_WARN_UNREACHABLE_CODE = YES;
				CLANG_WARN__DUPLICATE_METHOD_MATCH = YES;
				"CODE_SIGN_IDENTITY[sdk=iphoneos*]" = "iPhone Developer";
				COPY_PHASE_STRIP = NO;
				DEBUG_INFORMATION_FORMAT = "dwarf-with-dsym";
				ENABLE_NS_ASSERTIONS = NO;
				ENABLE_STRICT_OBJC_MSGSEND = YES;
				GCC_C_LANGUAGE_STANDARD = gnu99;
				GCC_NO_COMMON_BLOCKS = YES;
				GCC_WARN_64_TO_32_BIT_CONVERSION = YES;
				GCC_WARN_ABOUT_RETURN_TYPE = YES_ERROR;
				GCC_WARN_UNDECLARED_SELECTOR = YES;
				GCC_WARN_UNINITIALIZED_AUTOS = YES_AGGRESSIVE;
				GCC_WARN_UNUSED_FUNCTION = YES;
				GCC_WARN_UNUSED_VARIABLE = YES;
				IPHONEOS_DEPLOYMENT_TARGET = 9.3;
				MTL_ENABLE_DEBUG_INFO = NO;
				SDKROOT = iphoneos;
				TARGETED_DEVICE_FAMILY = "1,2";
				VALIDATE_PRODUCT = YES;
			};
			name = Release;
		};
		D0BC90481E72EAE00007D0FB /* Debug */ = {
			isa = XCBuildConfiguration;
			buildSettings = {
				ASSETCATALOG_COMPILER_APPICON_NAME = AppIcon;
				INFOPLIST_FILE = myNavController/Info.plist;
				LD_RUNPATH_SEARCH_PATHS = "$(inherited) @executable_path/Frameworks";
				PRODUCT_BUNDLE_IDENTIFIER = com.peterzig.myNavController;
				PRODUCT_NAME = "$(TARGET_NAME)";
			};
			name = Debug;
		};
		D0BC90491E72EAE00007D0FB /* Release */ = {
			isa = XCBuildConfiguration;
			buildSettings = {
				ASSETCATALOG_COMPILER_APPICON_NAME = AppIcon;
				INFOPLIST_FILE = myNavController/Info.plist;
				LD_RUNPATH_SEARCH_PATHS = "$(inherited) @executable_path/Frameworks";
				PRODUCT_BUNDLE_IDENTIFIER = com.peterzig.myNavController;
				PRODUCT_NAME = "$(TARGET_NAME)";
			};
			name = Release;
		};
/* End XCBuildConfiguration section */

/* Begin XCConfigurationList section */
		D0BC90301E72EADF0007D0FB /* Build configuration list for PBXProject "myNavController" */ = {
			isa = XCConfigurationList;
			buildConfigurations = (
				D0BC90451E72EAE00007D0FB /* Debug */,
				D0BC90461E72EAE00007D0FB /* Release */,
			);
			defaultConfigurationIsVisible = 0;
			defaultConfigurationName = Release;
		};
		D0BC90471E72EAE00007D0FB /* Build configuration list for PBXNativeTarget "myNavController" */ = {
			isa = XCConfigurationList;
			buildConfigurations = (
				D0BC90481E72EAE00007D0FB /* Debug */,
				D0BC90491E72EAE00007D0FB /* Release */,
			);
			defaultConfigurationIsVisible = 0;
		};
/* End XCConfigurationList section */
	};
	rootObject = D0BC902D1E72EADF0007D0FB /* Project object */;
}
